name: update-flake-lock
on:
  workflow_dispatch: # allows manual triggering
  schedule:
    - cron: "0 0 * * 0"

jobs:
  lockfile:
    runs-on: ubuntu-latest
    steps:
      - uses: webfactory/ssh-agent@v0.9.0
        with:
          ssh-private-key: ${{ secrets.NIX_PRIVATE_SSH_KEY }}
      - name: Checkout repository
        uses: actions/checkout@v4
      - name: Install Determinate Nix
        uses: DeterminateSystems/determinate-nix-action@v3
      - name: Update flake.lock
        uses: DeterminateSystems/update-flake-lock@main
        with:
          pr-title: "Update flake.lock"
          token: ${{ secrets.GH_TOKEN_FOR_UPDATES }}
          nix-options: --access-tokens github.com=${{ secrets.GH_TOKEN_FOR_UPDATES }}
